# This file is automatically @generated by Cargo.
# It is not intended for manual editing.
version = 4

[[package]]
name = "libc"
version = "0.2.169"
source = "registry+https://github.com/rust-lang/crates.io-index"
checksum = "b5aba8db14291edd000dfcc4d620c7ebfb122c613afb886ca8803fa4e128a20a"

[[package]]
name = "log"
version = "0.4.25"
source = "registry+https://github.com/rust-lang/crates.io-index"
checksum = "04cbf5b083de1c7e0222a7a51dbfdba1cbe1c6ab0b15e29fff3f6c077fd9cd9f"

[[package]]
name = "polkavm"
version = "0.20.0"
source = "git+https://github.com/paritytech/polkavm#cd3729c0e625bcba19f096901eb5c36c8aa94b81"
dependencies = [
 "libc",
 "log",
 "polkavm-assembler",
 "polkavm-common",
 "polkavm-linux-raw",
]

[[package]]
name = "polkavm-assembler"
version = "0.20.0"
source = "git+https://github.com/paritytech/polkavm#cd3729c0e625bcba19f096901eb5c36c8aa94b81"
dependencies = [
 "log",
]

[[package]]
name = "polkavm-common"
version = "0.20.0"
source = "git+https://github.com/paritytech/polkavm#cd3729c0e625bcba19f096901eb5c36c8aa94b81"
dependencies = [
 "log",
 "polkavm-assembler",
]

[[package]]
name = "polkavm-ffi"
version = "0.1.0"
dependencies = [
 "polkavm",
 "polkavm-common",
]

[[package]]
name = "polkavm-linux-raw"
version = "0.20.0"
source = "git+https://github.com/paritytech/polkavm#cd3729c0e625bcba19f096901eb5c36c8aa94b81"
